
Microsoft Visual Studio Solution File, Format Version 12.00
# Visual Studio Version 17
VisualStudioVersion = 17.6.33723.286
MinimumVisualStudioVersion = 10.0.40219.1
Project("{9A19103F-16F7-4668-BE54-9A1E7A4F7556}") = "ScenarioAuthor", "ScenarioAuthor\ScenarioAuthor.csproj", "{C43E6FC4-1264-4686-8314-03003F689D4E}"
EndProject
Project("{9A19103F-16F7-4668-BE54-9A1E7A4F7556}") = "Copilot", "Copilot\Copilot.csproj", "{8F434EFB-812F-4D12-AE90-C7CC8FFAD30A}"
EndProject
Global
	GlobalSection(SolutionConfigurationPlatforms) = preSolution
		Debug|Any CPU = Debug|Any CPU
		Release|Any CPU = Release|Any CPU
	EndGlobalSection
	GlobalSection(ProjectConfigurationPlatforms) = postSolution
		{C43E6FC4-1264-4686-8314-03003F689D4E}.Debug|Any CPU.ActiveCfg = Debug|Any CPU
		{C43E6FC4-1264-4686-8314-03003F689D4E}.Debug|Any CPU.Build.0 = Debug|Any CPU
		{C43E6FC4-1264-4686-8314-03003F689D4E}.Release|Any CPU.ActiveCfg = Release|Any CPU
		{C43E6FC4-1264-4686-8314-03003F689D4E}.Release|Any CPU.Build.0 = Release|Any CPU
		{8F434EFB-812F-4D12-AE90-C7CC8FFAD30A}.Debug|Any CPU.ActiveCfg = Debug|Any CPU
		{8F434EFB-812F-4D12-AE90-C7CC8FFAD30A}.Debug|Any CPU.Build.0 = Debug|Any CPU
		{8F434EFB-812F-4D12-AE90-C7CC8FFAD30A}.Debug|Any CPU.Deploy.0 = Debug|Any CPU
		{8F434EFB-812F-4D12-AE90-C7CC8FFAD30A}.Release|Any CPU.ActiveCfg = Release|Any CPU
		{8F434EFB-812F-4D12-AE90-C7CC8FFAD30A}.Release|Any CPU.Build.0 = Release|Any CPU
		{8F434EFB-812F-4D12-AE90-C7CC8FFAD30A}.Release|Any CPU.Deploy.0 = Release|Any CPU
	EndGlobalSection
	GlobalSection(SolutionProperties) = preSolution
		HideSolutionNode = FALSE
	EndGlobalSection
	GlobalSection(ExtensibilityGlobals) = postSolution
		SolutionGuid = {DF646E97-794F-433D-BACB-6FDD8783ADD1}
	EndGlobalSection
EndGlobal
